{
  "a2d/README.md": "sha256:7e72e1640ffeadf10ada60fc1aa764b6e79ed252f21fcabfdee5730675c45aea",
  "a2d/environments.sample.json": "sha256:e34fdce50b3f04d6263f3cc2dbf6dc0e5bc5db0ae82bf4e0d8aa1691b833a517",
  "a2d/mcp_server_spec.account_management.json": "sha256:82506a061108f98919143f528fcde096b3361660d0805d69db3dcda9a2396c2a",
  "a2d/mcp_servers.list.json": "sha256:43d15444888b09a0d22e0550cb1261de4e49d2c621acf4ab61e1f8229c518c38",
  "anypoint/README.md": "sha256:3c4d894d72d310e78e8a66b3ddbb4c33b6bbcd65b07e35bbfa2b39340b52d548",
  "anypoint/anthropic_inbound/README.md": "sha256:8eaf92ed39c3cc8252051bbe67810d0dea55304db53cd8c4d748616d48e97b22",
  "anypoint/anthropic_inbound/reject.client-id-missing.body.json": "sha256:d4589e2bbe61e7721af99aae7ecb7f8ec7bb5923bfd0ba9cd7f1c034bbe12328",
  "anypoint/anthropic_inbound/reject.client-id-missing.headers.txt": "sha256:20b8578950dbb58b909ed2dcf9b7f2a36eaa44b065c17304baf9ffa577e18233",
  "anypoint/anthropic_inbound/reject.openai-shape.body.json": "sha256:e3b0c44298fc1c149afbf4c8996fb92427ae41e4649b934ca495991b7852b855",
  "anypoint/anthropic_inbound/reject.openai-shape.headers.txt": "sha256:11966e82770699b20b17758f75a2dc8ef9602039c476f93d0dd129995458ad35",
  "anypoint/anthropic_inbound/request.success.http": "sha256:fbb33a6b1b1dacb788a59fd61000d5995030b000b02e1cdef7b6c0f7431c8fb1",
  "anypoint/anthropic_inbound/responses.success.body.json": "sha256:0b1942ec1126c22499cfda3cd13de064c8a429e0fdddd491089a691a93865846",
  "anypoint/anthropic_inbound/responses.success.headers.txt": "sha256:681cbb33a2fe5f988a46155ad079a1a57bfddd51365d9cbd4a3657672f76bd80",
  "anypoint/api_describe.product-catalog-mcp.json": "sha256:ac5d7c26fb025a3d25dec9d918b037fcc289eb3d8b1dd85236169414753014f5",
  "anypoint/api_list.sandbox.json": "sha256:7db8e91091a96c8889493832e2ff475ed358793bb4435a795b329239c123198e",
  "anypoint/gemini_inbound/README.md": "sha256:f3f241ae404802b6105a2cedd74695668277e222a3db3f7667cc18618b33d0f8",
  "anypoint/gemini_inbound/reject.client-id-missing.body.json": "sha256:941cbdfbf3ef3d0180c49724810ddbd41f858d32a7e0780dcb070dda855890e6",
  "anypoint/gemini_inbound/reject.client-id-missing.headers.txt": "sha256:75438eecc00978ca25d9b038c4407ceca6226a1ac483de16bfd93892e9bca0fb",
  "anypoint/gemini_inbound/reject.openai-shape.body.json": "sha256:0b168d1dde77438c6347179e557372fc97a66471d2cc20fbc672339ec8514f45",
  "anypoint/gemini_inbound/reject.openai-shape.headers.txt": "sha256:a42566bd66e91f1d0c98ff3688c10145cc2ef9fc36cef48d4852c5568e51ee47",
  "anypoint/gemini_inbound/reject.unknown-model.body.json": "sha256:98742dc87d2815a15538a19a78c25fb8de58ef86dc6a814580c5f35a127da4d2",
  "anypoint/gemini_inbound/reject.unknown-model.headers.txt": "sha256:bdb48e309e1d7f1f760573e7ed0b6a618f59652fddaae4fc355bdfb4538e4293",
  "anypoint/gemini_inbound/request.stream.http": "sha256:dc4b68cda6ca216a06e96c838634d8cab0615797f98cfa77bc3559b073da79f6",
  "anypoint/gemini_inbound/request.success.http": "sha256:c26ef4f14c098279a6035c71e4e0a210777a4864eb7410c82e5165c499165d33",
  "anypoint/gemini_inbound/request.unknown-model.http": "sha256:0ef93fbe7ef1dbfd7a1d13471a03cbd891f9132e5f96618ef818f4ecb2e9fc75",
  "anypoint/gemini_inbound/responses.stream.body.txt": "sha256:31e296681a3ae6b14155df7327d61b200c2e3e3be704440837353d7272fcebf0",
  "anypoint/gemini_inbound/responses.stream.headers.txt": "sha256:5ffb56bacf48ff68f250c52be982c57cfecc5224e5681f0bc207a26c7731511f",
  "anypoint/gemini_inbound/responses.success.body.json": "sha256:500c1963a8c5fdc96957afcf8498710392090c77fca1e00cf7a6aaa577d4767f",
  "anypoint/gemini_inbound/responses.success.headers.txt": "sha256:4ea98b8d549c1f040e1c10dbd0469a512c7efc4f6e0ab482a0158f6a545e4b30",
  "anypoint/model_wallet/README.md": "sha256:69ee44698f25f7ad66dc75da2add8668d9842b095e0f0dc8c7ae7c6ae79067c5",
  "anypoint/model_wallet/jwt.claims.json": "sha256:bea90b2e3274053fb7718ef6777de10c93e067916fb3ad2627f264371ac27d2e",
  "anypoint/model_wallet/mw-policies.json": "sha256:8cfdfe6ea2abc9339c55550f581063f659fac4dbb22776f20ba17cfd8ad59dfe",
  "anypoint/model_wallet/probe.exhaustion-run.json": "sha256:2b9867faf4c1f70aa87cea745312a72698373bc08228cf2a3e05dca8af71af53",
  "anypoint/model_wallet/reject.jwt-invalid.body.json": "sha256:244d1e8991f1fc27814ff67a841f5f54947e2d68b573c9a79601a01c902e46b5",
  "anypoint/model_wallet/reject.jwt-invalid.headers.txt": "sha256:2e74f07e8ef435ac1891cc36749fd45446fc18098eef95e90ba527b7975751f3",
  "anypoint/model_wallet/reject.jwt-missing.body.json": "sha256:47eace45b5d16798cec300d0aa09dd73daae4cded0eebd9398a3d168d41a43d2",
  "anypoint/model_wallet/reject.jwt-missing.headers.txt": "sha256:ece9137f1e1b338edba6bc3069da7e825ac62ac0e9eef65dff09861b39b56358",
  "anypoint/model_wallet/reject.wallet-exhausted.body.json": "sha256:b401b1193b33d329d68306b88488f90722c38022ac73842a6cfc49f63eea7ab2",
  "anypoint/model_wallet/reject.wallet-exhausted.headers.txt": "sha256:e9e2b69a210e2d0a8094da458246be027d08e4790c95fd85461ac022694001a5",
  "anypoint/model_wallet/request.success.http": "sha256:fc44028e1a3ccccf735ec43b18112af4584c1df4e57e0dddf9a169393fa140e1",
  "anypoint/model_wallet/responses.exhaustion-run.first.headers.txt": "sha256:136aa4a6a5ac740c8899daeead07855f3e790132881d2354f151d6e693ddccc0",
  "anypoint/model_wallet/responses.exhaustion-run.last.headers.txt": "sha256:ce247bbaf6ecacc30ab6ecc8ff4321012ad9bee30c282e58b741cb4a8f51c95c",
  "anypoint/model_wallet/responses.success.body.json": "sha256:2668d5daa4b83faa4cfe9a23f104736a565f844a44de4f53cc843a93d7af0fd1",
  "anypoint/model_wallet/responses.success.headers.txt": "sha256:f99c0d6f889622912e1477de430fc5100b67a3ec28eafb6f5548081dad0ec76e",
  "anypoint/model_wallet/wallet.definition.json": "sha256:74ea890d2588558a46e5d7e63585134461ac2f52f474ec2f6d1319c5f356039a",
  "anypoint/openai_gemini_stream/README.md": "sha256:b9152519b31d749b34cd345eb34830af55b4de3e749a218a48468afab224e187",
  "anypoint/openai_gemini_stream/request.stream-tool-call.http": "sha256:5d488837849430dd4b580ecd61c331fb7894f73dc3904a599ff0b0d36c233c96",
  "anypoint/openai_gemini_stream/request.stream.http": "sha256:72b64a3a4ebf384174e03aa242d141aefd8f6dbe011181ced1dc2e3c465a55d5",
  "anypoint/openai_gemini_stream/request.stream.request-compression.http": "sha256:dcd2b4c8169037b32af5a4d1821b1700e551d661f99a2d9cc38eb8cfdbe65a87",
  "anypoint/openai_gemini_stream/responses.stream-tool-call.body.txt": "sha256:40e6fac33d1001c460251a62d311c0fae93b00e133edf1b5eba6b34d07651672",
  "anypoint/openai_gemini_stream/responses.stream-tool-call.headers.txt": "sha256:5f031c568c4fb11c5d4cd1cdaa29f2a696cb361c5388219d0b111841f393bebc",
  "anypoint/openai_gemini_stream/responses.stream.body.txt": "sha256:66d013251f1c01cc9854dcabc148ecb308d997fa9226dd2543faec23c4633b83",
  "anypoint/openai_gemini_stream/responses.stream.headers.txt": "sha256:0f77dacf8a4d14ad77e3750e6619cbe4bd1225ab4da9945e16d56640518d5938",
  "anypoint/openai_gemini_stream/responses.stream.request-compression.body.txt": "sha256:14678e2760527d5d5d1ec8faa3b36c3a8ac17e0675f1e91a2611556f2e37b322",
  "anypoint/openai_gemini_stream/responses.stream.request-compression.headers.txt": "sha256:51b628854dde8b56bb00616c0a97d91b9d309e26927d890100cd592b484f8e20",
  "anypoint/policy_list.product-catalog-mcp.json": "sha256:03469eaf82ea8fa92f9acb2cfbda958147cba16cbf81c83ab5a73c58535ce4eb",
  "anypoint/request_rate_limit/README.md": "sha256:4f3dd24931da53c6c9f191a1dc99aa56c9df30e67d810bff6d03e634ad7900e3",
  "anypoint/request_rate_limit/reject.request-rate-limit.repeat.headers.txt": "sha256:be2dcc52e7b70704c826a09bdf7ec472b5f534fda036c9aeebe4e95ec0525a1b",
  "anypoint/request_rate_limit/responses.after-reset.headers.txt": "sha256:28ecce52ba8fc9eee67f195a3dd53a8c15d209dee501dc420a0cf0089d03afcd",
  "anypoint/request_rate_limit/responses.success.body.json": "sha256:cf7c24fa745b633c50644b8c1380b5db957e3a7de14ae7d063515dcfc857eff8",
  "anypoint/request_rate_limit/responses.success.headers.txt": "sha256:fe39b92824c63b8b149356d2ebbb330d94681a11a3995c33b873346647db07b9",
  "anypoint/request_rate_limit/responses.window-exhausted.headers.txt": "sha256:9640526d0b9940409d94c7ba2b7b8ad7fc134de548ff1ca6c95dfa13a26aa22d",
  "anypoint/routes/README.md": "sha256:be7ad9fe9420ffcabed4f1f9c2384277e862c4da8c3c96e5298f1015930bf129",
  "anypoint/routes/azureopenai.chat_completions.reject.body.json": "sha256:18f2a3f462186409982d60bbf4171256e5761c34862a718d5f1eb6194887dae8",
  "anypoint/routes/azureopenai.chat_completions.reject.headers.txt": "sha256:3d9c0b333eb0b775c5dfc82fbddf8d75cd3ad4a4169f2c67f57e2b08af92eda3",
  "anypoint/routes/azureopenai.chat_completions.stream.body.txt": "sha256:a269c71da57f98286d52a151447da6f118c0793a5636a7c39cabff3a810065d4",
  "anypoint/routes/azureopenai.chat_completions.stream.headers.txt": "sha256:c475c70481373699cb34a1f02b42ec3244fd24b5a55ace689009fbf01ffde66d",
  "anypoint/routes/azureopenai.chat_completions.success.body.json": "sha256:3d9d7e74e49b7b7120cf2bc65fa2026ded7eb2dc7db606df9f0b837ca9e279fe",
  "anypoint/routes/azureopenai.chat_completions.success.headers.txt": "sha256:8b0e01cca12d83b058a0c315c3bf666e5af7158a7f01bc2ad3885d347b262b87",
  "anypoint/routes/azureopenai.responses.reject.body.json": "sha256:a7345c73c0cacb8c8d89e6db50a1fa8ecaeb26084afa00713db0039c4f751f93",
  "anypoint/routes/azureopenai.responses.reject.headers.txt": "sha256:5ff9f57149359d27ca90c560025f099161d5c85b8f33a1c1a94dee2166605309",
  "anypoint/routes/azureopenai.responses.stream.body.json": "sha256:a7345c73c0cacb8c8d89e6db50a1fa8ecaeb26084afa00713db0039c4f751f93",
  "anypoint/routes/azureopenai.responses.stream.headers.txt": "sha256:a9bb41bffd4557eb0f9b59504bfbdf54237b7345c36bc9094aa3bce1021a46b5",
  "anypoint/routes/azureopenai.responses.success.body.json": "sha256:a7345c73c0cacb8c8d89e6db50a1fa8ecaeb26084afa00713db0039c4f751f93",
  "anypoint/routes/azureopenai.responses.success.headers.txt": "sha256:6ec9874f9da280e631e208870c727f1c33936b7d3aed9ecec77cd9ac2ace2b90",
  "anypoint/routes/bedrockanthropic.chat_completions.reject.body.json": "sha256:6fba9fc29335a080007095a949e023ff1f401bcc4db699983f6fd0cf593dfc30",
  "anypoint/routes/bedrockanthropic.chat_completions.reject.headers.txt": "sha256:058282276cbf9058819318fb23ff8fc281f445190263f507a06d8b94d23117b1",
  "anypoint/routes/bedrockanthropic.chat_completions.stream.body.txt": "sha256:d4c9b2a10bfc3c890aadefed3bb98eb5c1fef11932e7f519c2682c41d9a004fb",
  "anypoint/routes/bedrockanthropic.chat_completions.stream.headers.txt": "sha256:6b9813341ff1a77fa06f23bd444d96fa5f3e7e8a4ce9dc0a9cb2af5eb6ade924",
  "anypoint/routes/bedrockanthropic.chat_completions.success.body.json": "sha256:b43a4813c43890ff1f38ae8aecbd35d35d21071eaf9c0bae7eb75583e92a0846",
  "anypoint/routes/bedrockanthropic.chat_completions.success.headers.txt": "sha256:93220b8592ea5b19d50fbb2ed295041a664a91903bb3ba03e5cb2590d7a06257",
  "anypoint/routes/bedrockanthropic.responses.reject.body.json": "sha256:6fba9fc29335a080007095a949e023ff1f401bcc4db699983f6fd0cf593dfc30",
  "anypoint/routes/bedrockanthropic.responses.reject.headers.txt": "sha256:7ac62c677c116267d18a4de621389462775d83c96487ed8d9171093487d43415",
  "anypoint/routes/bedrockanthropic.responses.stream.body.txt": "sha256:043100729f4d5510772c785fae41c52832dfa87b88e616ab9ec4b1fc9ce07cc3",
  "anypoint/routes/bedrockanthropic.responses.stream.headers.txt": "sha256:38a08719f402b6ab11dbe7ac588866c1035e646a82e118596076fba61e967675",
  "anypoint/routes/bedrockanthropic.responses.success.body.json": "sha256:91f3776305da54335097cfa6a174a65c59db6f22f8770c8b7ce271230c3b7634",
  "anypoint/routes/bedrockanthropic.responses.success.headers.txt": "sha256:193130942fcd6e8cb8accc5e25bd9bebb595629e70923c7e6c7d7b7d8344bb8c",
  "anypoint/routes/gemini.chat_completions.reject.body.json": "sha256:2a3407ac70632cef96e976d7547757c9bcf00015b6c64fe804118522033ab8c1",
  "anypoint/routes/gemini.chat_completions.reject.headers.txt": "sha256:648cc90fc50c3a7842457f2bde3282cc611099a7e33a4f0eb5950f4889742ea2",
  "anypoint/routes/gemini.chat_completions.stream.body.txt": "sha256:835fdc7b1c78c92d415d7a71b5867804e084d3d1f383eec08dfbf97c62efd16a",
  "anypoint/routes/gemini.chat_completions.stream.headers.txt": "sha256:e8e0d73c65f92ad101e7c68be01ce758faa1d84a108f3cb8f1ff068f0555cd4a",
  "anypoint/routes/gemini.chat_completions.success.body.json": "sha256:80561d607a17e2755a0c532a8698a1fbe66d88c6739122eaedf292bf111948ba",
  "anypoint/routes/gemini.chat_completions.success.headers.txt": "sha256:f31b592695a88446cd72e57a17d479c4128217149e408050476f5454a9518b0e",
  "anypoint/routes/gemini.responses.reject.body.json": "sha256:2a3407ac70632cef96e976d7547757c9bcf00015b6c64fe804118522033ab8c1",
  "anypoint/routes/gemini.responses.reject.headers.txt": "sha256:26bc0c5e35e4e3917dec70a1e3f3cea004fbcdc54ee20d01727d335a1186ef84",
  "anypoint/routes/gemini.responses.stream.body.txt": "sha256:8b8633ffbfc37599aa00c04c3fdc65ce35aa32da21641f498fd2d3e34f863860",
  "anypoint/routes/gemini.responses.stream.headers.txt": "sha256:9305e5b856e6d57eddbdb7bdc01e668dbb8ca476fb089be292ab344cc48382a6",
  "anypoint/routes/gemini.responses.success.body.json": "sha256:2053e149ba4d9e4e7c0138f8e6b215f672c9eec2509c1efc4720da21efefb161",
  "anypoint/routes/gemini.responses.success.headers.txt": "sha256:cecd407a832384b881cdb0d18be90f3598e6d7a5bb5e3eb4fd6cb2a587afd342",
  "anypoint/routes/openai.chat_completions.reject.body.json": "sha256:18f2a3f462186409982d60bbf4171256e5761c34862a718d5f1eb6194887dae8",
  "anypoint/routes/openai.chat_completions.reject.headers.txt": "sha256:2fd03bcf58db572cfaded0d0e1918350f303216aa84ead682d3d9041484b3799",
  "anypoint/routes/openai.chat_completions.stream.body.txt": "sha256:e9c7c1e53cf3372d5c4196ee27cb743697ab1188a5cda9b953b5afb4f6434afc",
  "anypoint/routes/openai.chat_completions.stream.headers.txt": "sha256:4c0f1699fc9e0a75cd30e5e191bcf0b0e27e4e4671aeda84228ccc58d23422ff",
  "anypoint/routes/openai.chat_completions.success.body.json": "sha256:47d3c5776217a249edf828421639364bcdc8988a95a69e5280011156cfcacc70",
  "anypoint/routes/openai.chat_completions.success.headers.txt": "sha256:3e0d85a33f26c0ff8722f48378251bdc68bbc8d4644a6444b07da718d15907d9",
  "anypoint/routes/openai.responses.reject.body.json": "sha256:c7b394196370904d11ea467b35449e8a3c7633ed3deef7c54d632275c58051f7",
  "anypoint/routes/openai.responses.reject.headers.txt": "sha256:f9da95b912c3ff7ea372d5b116eee386b92afa1498db2bf4dd65c8bbacba2f38",
  "anypoint/routes/openai.responses.stream.body.txt": "sha256:ae4439a6caeabd6ff4622bdc0577d1358f5ea158720a72231cfc4e2ba22638c2",
  "anypoint/routes/openai.responses.stream.headers.txt": "sha256:a05c2b60ccb3637636bdd23370cd69ca101973c950333dac6f98ec01b236d577",
  "anypoint/routes/openai.responses.success.body.json": "sha256:74ea8c11fc9e281b2a94d34c67d3cdce0b4b2dec311cdf76fe003741c45c0752",
  "anypoint/routes/openai.responses.success.headers.txt": "sha256:ca0f448dd9627ab25ef5177f89c3231619be46d3577f7ff6c355f041b5b017c7",
  "anypoint/semantic_cache/README.md": "sha256:9a26b3477bd2715bb725cdeefbc05e3c42ab35d91c474f059902534f753186eb",
  "anypoint/semantic_cache/request.success.http": "sha256:c5287c7fd1602a5622adab8ab55ada6001eb122b73c05729dc3078fde8f65fde",
  "anypoint/semantic_cache/responses.bypass.headers.txt": "sha256:1de64202723941ace1b41aed898a6d0482fd2603e1c8d02bcd45863c2b9eb373",
  "anypoint/semantic_cache/responses.hit.body.json": "sha256:cb568000eb5ab3cf8d96ee94d6ddf8d94b6ec17bbda20a0ef14649e482f00d5e",
  "anypoint/semantic_cache/responses.hit.headers.txt": "sha256:5832b4714ae1964538a6304a715a713a2fbaaa64e137a110245f251377c740d4",
  "anypoint/semantic_cache/responses.miss.body.json": "sha256:cb568000eb5ab3cf8d96ee94d6ddf8d94b6ec17bbda20a0ef14649e482f00d5e",
  "anypoint/semantic_cache/responses.miss.headers.txt": "sha256:5d17a387d32f8e1cdbc67078740757f45e3771e1dcd5aee7fdded3b930c8b815",
  "anypoint/semantic_cache/responses.no-store-proof.headers.txt": "sha256:f102fcade64c63bf2137a7cccc10ec01f66d7ef45cff8317e969bcc73e26b018",
  "anypoint/semantic_cache/responses.no-store.body.json": "sha256:de1471389fcd52745d2deaf28a8105569bb8c8af5a4262f9e35c6581a4569385",
  "anypoint/semantic_cache/responses.no-store.headers.txt": "sha256:b206d95ed941041bb307bc51cc21538250aefba89a1dd856ec01694f3cf93f55",
  "anypoint/semantic_cache/responses.principal-id.headers.txt": "sha256:431d6bba6f219c21de71b79ea98128107efaf2250f8a1fe783de6b792a9d91fa",
  "anypoint/semantic_cache/responses.threshold-override.headers.txt": "sha256:6012cd81f4102be2ca4091d5c704c8c06a8ea509ce07601843f6e6a36540dab0",
  "anypoint/semantic_cache/responses.ttl-override.headers.txt": "sha256:1ff0dddcfb2399f32310f4aef6413593c40225c9e00be74d4ce683e3b54f2932"
}
