{
  "a2d/README.md": "sha256:7e72e1640ffeadf10ada60fc1aa764b6e79ed252f21fcabfdee5730675c45aea",
  "a2d/environments.sample.json": "sha256:e34fdce50b3f04d6263f3cc2dbf6dc0e5bc5db0ae82bf4e0d8aa1691b833a517",
  "a2d/mcp_server_spec.account_management.json": "sha256:82506a061108f98919143f528fcde096b3361660d0805d69db3dcda9a2396c2a",
  "a2d/mcp_servers.list.json": "sha256:43d15444888b09a0d22e0550cb1261de4e49d2c621acf4ab61e1f8229c518c38",
  "anypoint/README.md": "sha256:3c4d894d72d310e78e8a66b3ddbb4c33b6bbcd65b07e35bbfa2b39340b52d548",
  "anypoint/anthropic_inbound/README.md": "sha256:8eaf92ed39c3cc8252051bbe67810d0dea55304db53cd8c4d748616d48e97b22",
  "anypoint/anthropic_inbound/reject.client-id-missing.body.json": "sha256:d4589e2bbe61e7721af99aae7ecb7f8ec7bb5923bfd0ba9cd7f1c034bbe12328",
  "anypoint/anthropic_inbound/reject.client-id-missing.headers.txt": "sha256:20b8578950dbb58b909ed2dcf9b7f2a36eaa44b065c17304baf9ffa577e18233",
  "anypoint/anthropic_inbound/reject.openai-shape.body.json": "sha256:e3b0c44298fc1c149afbf4c8996fb92427ae41e4649b934ca495991b7852b855",
  "anypoint/anthropic_inbound/reject.openai-shape.headers.txt": "sha256:11966e82770699b20b17758f75a2dc8ef9602039c476f93d0dd129995458ad35",
  "anypoint/anthropic_inbound/request.success.http": "sha256:fbb33a6b1b1dacb788a59fd61000d5995030b000b02e1cdef7b6c0f7431c8fb1",
  "anypoint/anthropic_inbound/responses.success.body.json": "sha256:0b1942ec1126c22499cfda3cd13de064c8a429e0fdddd491089a691a93865846",
  "anypoint/anthropic_inbound/responses.success.headers.txt": "sha256:681cbb33a2fe5f988a46155ad079a1a57bfddd51365d9cbd4a3657672f76bd80",
  "anypoint/api_describe.product-catalog-mcp.json": "sha256:ac5d7c26fb025a3d25dec9d918b037fcc289eb3d8b1dd85236169414753014f5",
  "anypoint/api_list.sandbox.json": "sha256:7db8e91091a96c8889493832e2ff475ed358793bb4435a795b329239c123198e",
  "anypoint/gemini_inbound/README.md": "sha256:f3f241ae404802b6105a2cedd74695668277e222a3db3f7667cc18618b33d0f8",
  "anypoint/gemini_inbound/reject.client-id-missing.body.json": "sha256:941cbdfbf3ef3d0180c49724810ddbd41f858d32a7e0780dcb070dda855890e6",
  "anypoint/gemini_inbound/reject.client-id-missing.headers.txt": "sha256:75438eecc00978ca25d9b038c4407ceca6226a1ac483de16bfd93892e9bca0fb",
  "anypoint/gemini_inbound/reject.openai-shape.body.json": "sha256:0b168d1dde77438c6347179e557372fc97a66471d2cc20fbc672339ec8514f45",
  "anypoint/gemini_inbound/reject.openai-shape.headers.txt": "sha256:a42566bd66e91f1d0c98ff3688c10145cc2ef9fc36cef48d4852c5568e51ee47",
  "anypoint/gemini_inbound/reject.unknown-model.body.json": "sha256:98742dc87d2815a15538a19a78c25fb8de58ef86dc6a814580c5f35a127da4d2",
  "anypoint/gemini_inbound/reject.unknown-model.headers.txt": "sha256:bdb48e309e1d7f1f760573e7ed0b6a618f59652fddaae4fc355bdfb4538e4293",
  "anypoint/gemini_inbound/request.stream.http": "sha256:dc4b68cda6ca216a06e96c838634d8cab0615797f98cfa77bc3559b073da79f6",
  "anypoint/gemini_inbound/request.success.http": "sha256:c26ef4f14c098279a6035c71e4e0a210777a4864eb7410c82e5165c499165d33",
  "anypoint/gemini_inbound/request.unknown-model.http": "sha256:0ef93fbe7ef1dbfd7a1d13471a03cbd891f9132e5f96618ef818f4ecb2e9fc75",
  "anypoint/gemini_inbound/responses.stream.body.txt": "sha256:31e296681a3ae6b14155df7327d61b200c2e3e3be704440837353d7272fcebf0",
  "anypoint/gemini_inbound/responses.stream.headers.txt": "sha256:5ffb56bacf48ff68f250c52be982c57cfecc5224e5681f0bc207a26c7731511f",
  "anypoint/gemini_inbound/responses.success.body.json": "sha256:500c1963a8c5fdc96957afcf8498710392090c77fca1e00cf7a6aaa577d4767f",
  "anypoint/gemini_inbound/responses.success.headers.txt": "sha256:4ea98b8d549c1f040e1c10dbd0469a512c7efc4f6e0ab482a0158f6a545e4b30",
  "anypoint/model_wallet/README.md": "sha256:69ee44698f25f7ad66dc75da2add8668d9842b095e0f0dc8c7ae7c6ae79067c5",
  "anypoint/model_wallet/jwt.claims.json": "sha256:bea90b2e3274053fb7718ef6777de10c93e067916fb3ad2627f264371ac27d2e",
  "anypoint/model_wallet/mw-policies.json": "sha256:8cfdfe6ea2abc9339c55550f581063f659fac4dbb22776f20ba17cfd8ad59dfe",
  "anypoint/model_wallet/probe.exhaustion-run.json": "sha256:2b9867faf4c1f70aa87cea745312a72698373bc08228cf2a3e05dca8af71af53",
  "anypoint/model_wallet/reject.jwt-invalid.body.json": "sha256:244d1e8991f1fc27814ff67a841f5f54947e2d68b573c9a79601a01c902e46b5",
  "anypoint/model_wallet/reject.jwt-invalid.headers.txt": "sha256:2e74f07e8ef435ac1891cc36749fd45446fc18098eef95e90ba527b7975751f3",
  "anypoint/model_wallet/reject.jwt-missing.body.json": "sha256:47eace45b5d16798cec300d0aa09dd73daae4cded0eebd9398a3d168d41a43d2",
  "anypoint/model_wallet/reject.jwt-missing.headers.txt": "sha256:ece9137f1e1b338edba6bc3069da7e825ac62ac0e9eef65dff09861b39b56358",
  "anypoint/model_wallet/reject.wallet-exhausted.body.json": "sha256:b401b1193b33d329d68306b88488f90722c38022ac73842a6cfc49f63eea7ab2",
  "anypoint/model_wallet/reject.wallet-exhausted.headers.txt": "sha256:e9e2b69a210e2d0a8094da458246be027d08e4790c95fd85461ac022694001a5",
  "anypoint/model_wallet/request.success.http": "sha256:fc44028e1a3ccccf735ec43b18112af4584c1df4e57e0dddf9a169393fa140e1",
  "anypoint/model_wallet/responses.exhaustion-run.first.headers.txt": "sha256:136aa4a6a5ac740c8899daeead07855f3e790132881d2354f151d6e693ddccc0",
  "anypoint/model_wallet/responses.exhaustion-run.last.headers.txt": "sha256:ce247bbaf6ecacc30ab6ecc8ff4321012ad9bee30c282e58b741cb4a8f51c95c",
  "anypoint/model_wallet/responses.success.body.json": "sha256:2668d5daa4b83faa4cfe9a23f104736a565f844a44de4f53cc843a93d7af0fd1",
  "anypoint/model_wallet/responses.success.headers.txt": "sha256:f99c0d6f889622912e1477de430fc5100b67a3ec28eafb6f5548081dad0ec76e",
  "anypoint/model_wallet/wallet.definition.json": "sha256:74ea890d2588558a46e5d7e63585134461ac2f52f474ec2f6d1319c5f356039a",
  "anypoint/openai_gemini_stream/README.md": "sha256:b9152519b31d749b34cd345eb34830af55b4de3e749a218a48468afab224e187",
  "anypoint/openai_gemini_stream/request.stream-tool-call.http": "sha256:5d488837849430dd4b580ecd61c331fb7894f73dc3904a599ff0b0d36c233c96",
  "anypoint/openai_gemini_stream/request.stream.http": "sha256:72b64a3a4ebf384174e03aa242d141aefd8f6dbe011181ced1dc2e3c465a55d5",
  "anypoint/openai_gemini_stream/request.stream.request-compression.http": "sha256:dcd2b4c8169037b32af5a4d1821b1700e551d661f99a2d9cc38eb8cfdbe65a87",
  "anypoint/openai_gemini_stream/responses.stream-tool-call.body.txt": "sha256:40e6fac33d1001c460251a62d311c0fae93b00e133edf1b5eba6b34d07651672",
  "anypoint/openai_gemini_stream/responses.stream-tool-call.headers.txt": "sha256:5f031c568c4fb11c5d4cd1cdaa29f2a696cb361c5388219d0b111841f393bebc",
  "anypoint/openai_gemini_stream/responses.stream.body.txt": "sha256:66d013251f1c01cc9854dcabc148ecb308d997fa9226dd2543faec23c4633b83",
  "anypoint/openai_gemini_stream/responses.stream.headers.txt": "sha256:0f77dacf8a4d14ad77e3750e6619cbe4bd1225ab4da9945e16d56640518d5938",
  "anypoint/openai_gemini_stream/responses.stream.request-compression.body.txt": "sha256:14678e2760527d5d5d1ec8faa3b36c3a8ac17e0675f1e91a2611556f2e37b322",
  "anypoint/openai_gemini_stream/responses.stream.request-compression.headers.txt": "sha256:51b628854dde8b56bb00616c0a97d91b9d309e26927d890100cd592b484f8e20",
  "anypoint/policy_list.product-catalog-mcp.json": "sha256:03469eaf82ea8fa92f9acb2cfbda958147cba16cbf81c83ab5a73c58535ce4eb",
  "anypoint/semantic_cache/README.md": "sha256:9a26b3477bd2715bb725cdeefbc05e3c42ab35d91c474f059902534f753186eb",
  "anypoint/semantic_cache/request.success.http": "sha256:c5287c7fd1602a5622adab8ab55ada6001eb122b73c05729dc3078fde8f65fde",
  "anypoint/semantic_cache/responses.bypass.headers.txt": "sha256:1de64202723941ace1b41aed898a6d0482fd2603e1c8d02bcd45863c2b9eb373",
  "anypoint/semantic_cache/responses.hit.body.json": "sha256:cb568000eb5ab3cf8d96ee94d6ddf8d94b6ec17bbda20a0ef14649e482f00d5e",
  "anypoint/semantic_cache/responses.hit.headers.txt": "sha256:5832b4714ae1964538a6304a715a713a2fbaaa64e137a110245f251377c740d4",
  "anypoint/semantic_cache/responses.miss.body.json": "sha256:cb568000eb5ab3cf8d96ee94d6ddf8d94b6ec17bbda20a0ef14649e482f00d5e",
  "anypoint/semantic_cache/responses.miss.headers.txt": "sha256:5d17a387d32f8e1cdbc67078740757f45e3771e1dcd5aee7fdded3b930c8b815",
  "anypoint/semantic_cache/responses.no-store-proof.headers.txt": "sha256:f102fcade64c63bf2137a7cccc10ec01f66d7ef45cff8317e969bcc73e26b018",
  "anypoint/semantic_cache/responses.no-store.body.json": "sha256:de1471389fcd52745d2deaf28a8105569bb8c8af5a4262f9e35c6581a4569385",
  "anypoint/semantic_cache/responses.no-store.headers.txt": "sha256:b206d95ed941041bb307bc51cc21538250aefba89a1dd856ec01694f3cf93f55",
  "anypoint/semantic_cache/responses.principal-id.headers.txt": "sha256:431d6bba6f219c21de71b79ea98128107efaf2250f8a1fe783de6b792a9d91fa",
  "anypoint/semantic_cache/responses.threshold-override.headers.txt": "sha256:6012cd81f4102be2ca4091d5c704c8c06a8ea509ce07601843f6e6a36540dab0",
  "anypoint/semantic_cache/responses.ttl-override.headers.txt": "sha256:1ff0dddcfb2399f32310f4aef6413593c40225c9e00be74d4ce683e3b54f2932"
}
